
Microsoft Visual Studio Solution File, Format Version 12.00
# Visual Studio Version 16
VisualStudioVersion = 16.0.31729.503
MinimumVisualStudioVersion = 10.0.40219.1
Project("{FAE04EC0-301F-11D3-BF4B-00C04F79EFBC}") = "RandomNumber", "RandomNumber.csproj", "{F3789690-2692-417F-8266-FCFF795BB30A}"
EndProject
Global
	GlobalSection(SolutionConfigurationPlatforms) = preSolution
		Debug|Any CPU = Debug|Any CPU
		Release|Any CPU = Release|Any CPU
	EndGlobalSection
	GlobalSection(ProjectConfigurationPlatforms) = postSolution
		{F3789690-2692-417F-8266-FCFF795BB30A}.Debug|Any CPU.ActiveCfg = Debug|Any CPU
		{F3789690-2692-417F-8266-FCFF795BB30A}.Debug|Any CPU.Build.0 = Debug|Any CPU
		{F3789690-2692-417F-8266-FCFF795BB30A}.Release|Any CPU.ActiveCfg = Release|Any CPU
		{F3789690-2692-417F-8266-FCFF795BB30A}.Release|Any CPU.Build.0 = Release|Any CPU
	EndGlobalSection
	GlobalSection(SolutionProperties) = preSolution
		HideSolutionNode = FALSE
	EndGlobalSection
	GlobalSection(ExtensibilityGlobals) = postSolution
		SolutionGuid = {9F0331A2-E2ED-4CEE-904D-8D506C62C7B1}
	EndGlobalSection
EndGlobal
