
Microsoft Visual Studio Solution File, Format Version 12.00
# Visual Studio Version 16
VisualStudioVersion = 16.0.31729.503
MinimumVisualStudioVersion = 10.0.40219.1
Project("{FAE04EC0-301F-11D3-BF4B-00C04F79EFBC}") = "IntegerMethod", "IntegerMethod.csproj", "{3A739429-92F7-4A00-8E17-6931F2197981}"
EndProject
Global
	GlobalSection(SolutionConfigurationPlatforms) = preSolution
		Debug|Any CPU = Debug|Any CPU
		Release|Any CPU = Release|Any CPU
	EndGlobalSection
	GlobalSection(ProjectConfigurationPlatforms) = postSolution
		{3A739429-92F7-4A00-8E17-6931F2197981}.Debug|Any CPU.ActiveCfg = Debug|Any CPU
		{3A739429-92F7-4A00-8E17-6931F2197981}.Debug|Any CPU.Build.0 = Debug|Any CPU
		{3A739429-92F7-4A00-8E17-6931F2197981}.Release|Any CPU.ActiveCfg = Release|Any CPU
		{3A739429-92F7-4A00-8E17-6931F2197981}.Release|Any CPU.Build.0 = Release|Any CPU
	EndGlobalSection
	GlobalSection(SolutionProperties) = preSolution
		HideSolutionNode = FALSE
	EndGlobalSection
	GlobalSection(ExtensibilityGlobals) = postSolution
		SolutionGuid = {6EBE5B3E-8CE4-4B95-9D60-E9DEEE369938}
	EndGlobalSection
EndGlobal
